
Microsoft Visual Studio Solution File, Format Version 12.00
# Visual Studio Version 17
VisualStudioVersion = 17.4.33213.308
MinimumVisualStudioVersion = 10.0.40219.1
Project("{9A19103F-16F7-4668-BE54-9A1E7A4F7556}") = "ScoreTracking.Api", "src\scoretracking-api\ScoreTracking.Api.csproj", "{B09AD46B-E866-42D1-8DA4-3A3C9FEE2C16}"
EndProject
Project("{9A19103F-16F7-4668-BE54-9A1E7A4F7556}") = "ScoreTracking.App", "src\scoretracking-app\ScoreTracking.App.csproj", "{2D3FD22E-AE83-4A53-BFCB-AA355403E21A}"
EndProject
Project("{9A19103F-16F7-4668-BE54-9A1E7A4F7556}") = "ScoreTracking.Extensions.Email", "src\extensions-email\ScoreTracking.Extensions.Email.csproj", "{602FF07F-9280-4892-9ED1-D691F9C26B47}"
EndProject
Project("{2150E333-8FDC-42A3-9474-1A3956D46DE8}") = "tests", "tests", "{D4519E5A-3949-4A00-9A21-70BAB82B3D6C}"
EndProject
Project("{9A19103F-16F7-4668-BE54-9A1E7A4F7556}") = "ScoreTracking.UnitTests", "tests\unit-tests\ScoreTracking.UnitTests.csproj", "{22781673-2709-4687-BDD3-503A11AB34C0}"
EndProject
Global
	GlobalSection(SolutionConfigurationPlatforms) = preSolution
		Debug|Any CPU = Debug|Any CPU
		Release|Any CPU = Release|Any CPU
	EndGlobalSection
	GlobalSection(ProjectConfigurationPlatforms) = postSolution
		{B09AD46B-E866-42D1-8DA4-3A3C9FEE2C16}.Debug|Any CPU.ActiveCfg = Debug|Any CPU
		{B09AD46B-E866-42D1-8DA4-3A3C9FEE2C16}.Debug|Any CPU.Build.0 = Debug|Any CPU
		{B09AD46B-E866-42D1-8DA4-3A3C9FEE2C16}.Release|Any CPU.ActiveCfg = Release|Any CPU
		{B09AD46B-E866-42D1-8DA4-3A3C9FEE2C16}.Release|Any CPU.Build.0 = Release|Any CPU
		{2D3FD22E-AE83-4A53-BFCB-AA355403E21A}.Debug|Any CPU.ActiveCfg = Debug|Any CPU
		{2D3FD22E-AE83-4A53-BFCB-AA355403E21A}.Debug|Any CPU.Build.0 = Debug|Any CPU
		{2D3FD22E-AE83-4A53-BFCB-AA355403E21A}.Release|Any CPU.ActiveCfg = Release|Any CPU
		{2D3FD22E-AE83-4A53-BFCB-AA355403E21A}.Release|Any CPU.Build.0 = Release|Any CPU
		{602FF07F-9280-4892-9ED1-D691F9C26B47}.Debug|Any CPU.ActiveCfg = Debug|Any CPU
		{602FF07F-9280-4892-9ED1-D691F9C26B47}.Debug|Any CPU.Build.0 = Debug|Any CPU
		{602FF07F-9280-4892-9ED1-D691F9C26B47}.Release|Any CPU.ActiveCfg = Release|Any CPU
		{602FF07F-9280-4892-9ED1-D691F9C26B47}.Release|Any CPU.Build.0 = Release|Any CPU
		{22781673-2709-4687-BDD3-503A11AB34C0}.Debug|Any CPU.ActiveCfg = Debug|Any CPU
		{22781673-2709-4687-BDD3-503A11AB34C0}.Debug|Any CPU.Build.0 = Debug|Any CPU
		{22781673-2709-4687-BDD3-503A11AB34C0}.Release|Any CPU.ActiveCfg = Release|Any CPU
		{22781673-2709-4687-BDD3-503A11AB34C0}.Release|Any CPU.Build.0 = Release|Any CPU
	EndGlobalSection
	GlobalSection(SolutionProperties) = preSolution
		HideSolutionNode = FALSE
	EndGlobalSection
	GlobalSection(NestedProjects) = preSolution
		{22781673-2709-4687-BDD3-503A11AB34C0} = {D4519E5A-3949-4A00-9A21-70BAB82B3D6C}
	EndGlobalSection
	GlobalSection(ExtensibilityGlobals) = postSolution
		SolutionGuid = {8EBE5DA5-6177-47EF-9F13-ADB5C6D18548}
	EndGlobalSection
EndGlobal
